
Microsoft Visual Studio Solution File, Format Version 12.00
# Visual Studio Version 16
VisualStudioVersion = 25.0.1706.5
MinimumVisualStudioVersion = 10.0.40219.1
Project("{FAE04EC0-301F-11D3-BF4B-00C04F79EFBC}") = "ExamTask24.10", "ExamTask24.10\ExamTask24.10.csproj", "{23238668-0221-4FF3-843A-069E1F555098}"
EndProject
Global
	GlobalSection(SolutionConfigurationPlatforms) = preSolution
		Debug|Any CPU = Debug|Any CPU
		Release|Any CPU = Release|Any CPU
	EndGlobalSection
	GlobalSection(ProjectConfigurationPlatforms) = postSolution
		{23238668-0221-4FF3-843A-069E1F555098}.Debug|Any CPU.ActiveCfg = Debug|Any CPU
		{23238668-0221-4FF3-843A-069E1F555098}.Debug|Any CPU.Build.0 = Debug|Any CPU
		{23238668-0221-4FF3-843A-069E1F555098}.Release|Any CPU.ActiveCfg = Release|Any CPU
		{23238668-0221-4FF3-843A-069E1F555098}.Release|Any CPU.Build.0 = Release|Any CPU
	EndGlobalSection
	GlobalSection(SolutionProperties) = preSolution
		HideSolutionNode = FALSE
	EndGlobalSection
	GlobalSection(ExtensibilityGlobals) = postSolution
		SolutionGuid = {FDC55B00-8294-4457-8966-8DB24F04EC45}
	EndGlobalSection
EndGlobal
