
Microsoft Visual Studio Solution File, Format Version 12.00
# Visual Studio Version 16
VisualStudioVersion = 25.0.1706.5
MinimumVisualStudioVersion = 10.0.40219.1
Project("{FAE04EC0-301F-11D3-BF4B-00C04F79EFBC}") = "PersonTask24.10", "PersonTask24.10\PersonTask24.10.csproj", "{7594BD05-5A4D-420E-952D-D29FD26CB0D3}"
EndProject
Global
	GlobalSection(SolutionConfigurationPlatforms) = preSolution
		Debug|Any CPU = Debug|Any CPU
		Release|Any CPU = Release|Any CPU
	EndGlobalSection
	GlobalSection(ProjectConfigurationPlatforms) = postSolution
		{7594BD05-5A4D-420E-952D-D29FD26CB0D3}.Debug|Any CPU.ActiveCfg = Debug|Any CPU
		{7594BD05-5A4D-420E-952D-D29FD26CB0D3}.Debug|Any CPU.Build.0 = Debug|Any CPU
		{7594BD05-5A4D-420E-952D-D29FD26CB0D3}.Release|Any CPU.ActiveCfg = Release|Any CPU
		{7594BD05-5A4D-420E-952D-D29FD26CB0D3}.Release|Any CPU.Build.0 = Release|Any CPU
	EndGlobalSection
	GlobalSection(SolutionProperties) = preSolution
		HideSolutionNode = FALSE
	EndGlobalSection
	GlobalSection(ExtensibilityGlobals) = postSolution
		SolutionGuid = {567E529C-E5E6-4BD5-91EB-F97D4BE59E5F}
	EndGlobalSection
EndGlobal
